// !$*UTF8*$!
{
	archiveVersion = 1;
	classes = {
	};
	objectVersion = 50;
	objects = {

/* Begin PBXBuildFile section */
		0C8CB0572263833600ACE997 /* AppDelegate.m in Sources */ = {isa = PBXBuildFile; fileRef = 0C8CB0562263833600ACE997 /* AppDelegate.m */; };
		0C8CB05A2263833600ACE997 /* ViewController.m in Sources */ = {isa = PBXBuildFile; fileRef = 0C8CB0592263833600ACE997 /* ViewController.m */; };
		0C8CB05D2263833600ACE997 /* Main.storyboard in Resources */ = {isa = PBXBuildFile; fileRef = 0C8CB05B2263833600ACE997 /* Main.storyboard */; };
		0C8CB05F2263833700ACE997 /* Assets.xcassets in Resources */ = {isa = PBXBuildFile; fileRef = 0C8CB05E2263833700ACE997 /* Assets.xcassets */; };
		0C8CB0622263833700ACE997 /* LaunchScreen.storyboard in Resources */ = {isa = PBXBuildFile; fileRef = 0C8CB0602263833700ACE997 /* LaunchScreen.storyboard */; };
		0C8CB0652263833700ACE997 /* main.m in Sources */ = {isa = PBXBuildFile; fileRef = 0C8CB0642263833700ACE997 /* main.m */; };
		0C8CB06D226383CF00ACE997 /* SecondVCViewController.m in Sources */ = {isa = PBXBuildFile; fileRef = 0C8CB06C226383CF00ACE997 /* SecondVCViewController.m */; };
		0C8CB070226385CA00ACE997 /* Push.m in Sources */ = {isa = PBXBuildFile; fileRef = 0C8CB06F226385CA00ACE997 /* Push.m */; };
		0C8CB07322638CDC00ACE997 /* Pop.m in Sources */ = {isa = PBXBuildFile; fileRef = 0C8CB07222638CDC00ACE997 /* Pop.m */; };
/* End PBXBuildFile section */

/* Begin PBXFileReference section */
		0C8CB0522263833600ACE997 /* iOS自定义转场动画.app */ = {isa = PBXFileReference; explicitFileType = wrapper.application; includeInIndex = 0; path = "iOS自定义转场动画.app"; sourceTree = BUILT_PRODUCTS_DIR; };
		0C8CB0552263833600ACE997 /* AppDelegate.h */ = {isa = PBXFileReference; lastKnownFileType = sourcecode.c.h; path = AppDelegate.h; sourceTree = "<group>"; };
		0C8CB0562263833600ACE997 /* AppDelegate.m */ = {isa = PBXFileReference; lastKnownFileType = sourcecode.c.objc; path = AppDelegate.m; sourceTree = "<group>"; };
		0C8CB0582263833600ACE997 /* ViewController.h */ = {isa = PBXFileReference; lastKnownFileType = sourcecode.c.h; path = ViewController.h; sourceTree = "<group>"; };
		0C8CB0592263833600ACE997 /* ViewController.m */ = {isa = PBXFileReference; lastKnownFileType = sourcecode.c.objc; path = ViewController.m; sourceTree = "<group>"; };
		0C8CB05C2263833600ACE997 /* Base */ = {isa = PBXFileReference; lastKnownFileType = file.storyboard; name = Base; path = Base.lproj/Main.storyboard; sourceTree = "<group>"; };
		0C8CB05E2263833700ACE997 /* Assets.xcassets */ = {isa = PBXFileReference; lastKnownFileType = folder.assetcatalog; path = Assets.xcassets; sourceTree = "<group>"; };
		0C8CB0612263833700ACE997 /* Base */ = {isa = PBXFileReference; lastKnownFileType = file.storyboard; name = Base; path = Base.lproj/LaunchScreen.storyboard; sourceTree = "<group>"; };
		0C8CB0632263833700ACE997 /* Info.plist */ = {isa = PBXFileReference; lastKnownFileType = text.plist.xml; path = Info.plist; sourceTree = "<group>"; };
		0C8CB0642263833700ACE997 /* main.m */ = {isa = PBXFileReference; lastKnownFileType = sourcecode.c.objc; path = main.m; sourceTree = "<group>"; };
		0C8CB06B226383CF00ACE997 /* SecondVCViewController.h */ = {isa = PBXFileReference; lastKnownFileType = sourcecode.c.h; path = SecondVCViewController.h; sourceTree = "<group>"; };
		0C8CB06C226383CF00ACE997 /* SecondVCViewController.m */ = {isa = PBXFileReference; lastKnownFileType = sourcecode.c.objc; path = SecondVCViewController.m; sourceTree = "<group>"; };
		0C8CB06E226385CA00ACE997 /* Push.h */ = {isa = PBXFileReference; lastKnownFileType = sourcecode.c.h; path = Push.h; sourceTree = "<group>"; };
		0C8CB06F226385CA00ACE997 /* Push.m */ = {isa = PBXFileReference; lastKnownFileType = sourcecode.c.objc; path = Push.m; sourceTree = "<group>"; };
		0C8CB07122638CDC00ACE997 /* Pop.h */ = {isa = PBXFileReference; lastKnownFileType = sourcecode.c.h; path = Pop.h; sourceTree = "<group>"; };
		0C8CB07222638CDC00ACE997 /* Pop.m */ = {isa = PBXFileReference; lastKnownFileType = sourcecode.c.objc; path = Pop.m; sourceTree = "<group>"; };
/* End PBXFileReference section */

/* Begin PBXFrameworksBuildPhase section */
		0C8CB04F2263833500ACE997 /* Frameworks */ = {
			isa = PBXFrameworksBuildPhase;
			buildActionMask = 2147483647;
			files = (
			);
			runOnlyForDeploymentPostprocessing = 0;
		};
/* End PBXFrameworksBuildPhase section */

/* Begin PBXGroup section */
		0C8CB0492263833500ACE997 = {
			isa = PBXGroup;
			children = (
				0C8CB0542263833600ACE997 /* iOS自定义转场动画 */,
				0C8CB0532263833600ACE997 /* Products */,
			);
			sourceTree = "<group>";
		};
		0C8CB0532263833600ACE997 /* Products */ = {
			isa = PBXGroup;
			children = (
				0C8CB0522263833600ACE997 /* iOS自定义转场动画.app */,
			);
			name = Products;
			sourceTree = "<group>";
		};
		0C8CB0542263833600ACE997 /* iOS自定义转场动画 */ = {
			isa = PBXGroup;
			children = (
				0C8CB0552263833600ACE997 /* AppDelegate.h */,
				0C8CB0562263833600ACE997 /* AppDelegate.m */,
				0C8CB0582263833600ACE997 /* ViewController.h */,
				0C8CB0592263833600ACE997 /* ViewController.m */,
				0C8CB06E226385CA00ACE997 /* Push.h */,
				0C8CB06F226385CA00ACE997 /* Push.m */,
				0C8CB07122638CDC00ACE997 /* Pop.h */,
				0C8CB07222638CDC00ACE997 /* Pop.m */,
				0C8CB05B2263833600ACE997 /* Main.storyboard */,
				0C8CB06B226383CF00ACE997 /* SecondVCViewController.h */,
				0C8CB06C226383CF00ACE997 /* SecondVCViewController.m */,
				0C8CB05E2263833700ACE997 /* Assets.xcassets */,
				0C8CB0602263833700ACE997 /* LaunchScreen.storyboard */,
				0C8CB0632263833700ACE997 /* Info.plist */,
				0C8CB0642263833700ACE997 /* main.m */,
			);
			path = "iOS自定义转场动画";
			sourceTree = "<group>";
		};
/* End PBXGroup section */

/* Begin PBXNativeTarget section */
		0C8CB0512263833500ACE997 /* iOS自定义转场动画 */ = {
			isa = PBXNativeTarget;
			buildConfigurationList = 0C8CB0682263833700ACE997 /* Build configuration list for PBXNativeTarget "iOS自定义转场动画" */;
			buildPhases = (
				0C8CB04E2263833500ACE997 /* Sources */,
				0C8CB04F2263833500ACE997 /* Frameworks */,
				0C8CB0502263833500ACE997 /* Resources */,
			);
			buildRules = (
			);
			dependencies = (
			);
			name = "iOS自定义转场动画";
			productName = Back;
			productReference = 0C8CB0522263833600ACE997 /* iOS自定义转场动画.app */;
			productType = "com.apple.product-type.application";
		};
/* End PBXNativeTarget section */

/* Begin PBXProject section */
		0C8CB04A2263833500ACE997 /* Project object */ = {
			isa = PBXProject;
			attributes = {
				LastUpgradeCheck = 1010;
				ORGANIZATIONNAME = "刘东旭";
				TargetAttributes = {
					0C8CB0512263833500ACE997 = {
						CreatedOnToolsVersion = 10.1;
					};
				};
			};
			buildConfigurationList = 0C8CB04D2263833500ACE997 /* Build configuration list for PBXProject "iOS自定义转场动画" */;
			compatibilityVersion = "Xcode 9.3";
			developmentRegion = en;
			hasScannedForEncodings = 0;
			knownRegions = (
				en,
				Base,
			);
			mainGroup = 0C8CB0492263833500ACE997;
			productRefGroup = 0C8CB0532263833600ACE997 /* Products */;
			projectDirPath = "";
			projectRoot = "";
			targets = (
				0C8CB0512263833500ACE997 /* iOS自定义转场动画 */,
			);
		};
/* End PBXProject section */

/* Begin PBXResourcesBuildPhase section */
		0C8CB0502263833500ACE997 /* Resources */ = {
			isa = PBXResourcesBuildPhase;
			buildActionMask = 2147483647;
			files = (
				0C8CB0622263833700ACE997 /* LaunchScreen.storyboard in Resources */,
				0C8CB05F2263833700ACE997 /* Assets.xcassets in Resources */,
				0C8CB05D2263833600ACE997 /* Main.storyboard in Resources */,
			);
			runOnlyForDeploymentPostprocessing = 0;
		};
/* End PBXResourcesBuildPhase section */

/* Begin PBXSourcesBuildPhase section */
		0C8CB04E2263833500ACE997 /* Sources */ = {
			isa = PBXSourcesBuildPhase;
			buildActionMask = 2147483647;
			files = (
				0C8CB070226385CA00ACE997 /* Push.m in Sources */,
				0C8CB05A2263833600ACE997 /* ViewController.m in Sources */,
				0C8CB0652263833700ACE997 /* main.m in Sources */,
				0C8CB07322638CDC00ACE997 /* Pop.m in Sources */,
				0C8CB0572263833600ACE997 /* AppDelegate.m in Sources */,
				0C8CB06D226383CF00ACE997 /* SecondVCViewController.m in Sources */,
			);
			runOnlyForDeploymentPostprocessing = 0;
		};
/* End PBXSourcesBuildPhase section */

/* Begin PBXVariantGroup section */
		0C8CB05B2263833600ACE997 /* Main.storyboard */ = {
			isa = PBXVariantGroup;
			children = (
				0C8CB05C2263833600ACE997 /* Base */,
			);
			name = Main.storyboard;
			sourceTree = "<group>";
		};
		0C8CB0602263833700ACE997 /* LaunchScreen.storyboard */ = {
			isa = PBXVariantGroup;
			children = (
				0C8CB0612263833700ACE997 /* Base */,
			);
			name = LaunchScreen.storyboard;
			sourceTree = "<group>";
		};
/* End PBXVariantGroup section */

/* Begin XCBuildConfiguration section */
		0C8CB0662263833700ACE997 /* Debug */ = {
			isa = XCBuildConfiguration;
			buildSettings = {
				ALWAYS_SEARCH_USER_PATHS = NO;
				CLANG_ANALYZER_NONNULL = YES;
				CLANG_ANALYZER_NUMBER_OBJECT_CONVERSION = YES_AGGRESSIVE;
				CLANG_CXX_LANGUAGE_STANDARD = "gnu++14";
				CLANG_CXX_LIBRARY = "libc++";
				CLANG_ENABLE_MODULES = YES;
				CLANG_ENABLE_OBJC_ARC = YES;
				CLANG_ENABLE_OBJC_WEAK = YES;
				CLANG_WARN_BLOCK_CAPTURE_AUTORELEASING = YES;
				CLANG_WARN_BOOL_CONVERSION = YES;
				CLANG_WARN_COMMA = YES;
				CLANG_WARN_CONSTANT_CONVERSION = YES;
				CLANG_WARN_DEPRECATED_OBJC_IMPLEMENTATIONS = YES;
				CLANG_WARN_DIRECT_OBJC_ISA_USAGE = YES_ERROR;
				CLANG_WARN_DOCUMENTATION_COMMENTS = YES;
				CLANG_WARN_EMPTY_BODY = YES;
				CLANG_WARN_ENUM_CONVERSION = YES;
				CLANG_WARN_INFINITE_RECURSION = YES;
				CLANG_WARN_INT_CONVERSION = YES;
				CLANG_WARN_NON_LITERAL_NULL_CONVERSION = YES;
				CLANG_WARN_OBJC_IMPLICIT_RETAIN_SELF = YES;
				CLANG_WARN_OBJC_LITERAL_CONVERSION = YES;
				CLANG_WARN_OBJC_ROOT_CLASS = YES_ERROR;
				CLANG_WARN_RANGE_LOOP_ANALYSIS = YES;
				CLANG_WARN_STRICT_PROTOTYPES = YES;
				CLANG_WARN_SUSPICIOUS_MOVE = YES;
				CLANG_WARN_UNGUARDED_AVAILABILITY = YES_AGGRESSIVE;
				CLANG_WARN_UNREACHABLE_CODE = YES;
				CLANG_WARN__DUPLICATE_METHOD_MATCH = YES;
				CODE_SIGN_IDENTITY = "iPhone Developer";
				COPY_PHASE_STRIP = NO;
				DEBUG_INFORMATION_FORMAT = dwarf;
				ENABLE_STRICT_OBJC_MSGSEND = YES;
				ENABLE_TESTABILITY = YES;
				GCC_C_LANGUAGE_STANDARD = gnu11;
				GCC_DYNAMIC_NO_PIC = NO;
				GCC_NO_COMMON_BLOCKS = YES;
				GCC_OPTIMIZATION_LEVEL = 0;
				GCC_PREPROCESSOR_DEFINITIONS = (
					"DEBUG=1",
					"$(inherited)",
				);
				GCC_WARN_64_TO_32_BIT_CONVERSION = YES;
				GCC_WARN_ABOUT_RETURN_TYPE = YES_ERROR;
				GCC_WARN_UNDECLARED_SELECTOR = YES;
				GCC_WARN_UNINITIALIZED_AUTOS = YES_AGGRESSIVE;
				GCC_WARN_UNUSED_FUNCTION = YES;
				GCC_WARN_UNUSED_VARIABLE = YES;
				IPHONEOS_DEPLOYMENT_TARGET = 12.1;
				MTL_ENABLE_DEBUG_INFO = INCLUDE_SOURCE;
				MTL_FAST_MATH = YES;
				ONLY_ACTIVE_ARCH = YES;
				SDKROOT = iphoneos;
			};
			name = Debug;
		};
		0C8CB0672263833700ACE997 /* Release */ = {
			isa = XCBuildConfiguration;
			buildSettings = {
				ALWAYS_SEARCH_USER_PATHS = NO;
				CLANG_ANALYZER_NONNULL = YES;
				CLANG_ANALYZER_NUMBER_OBJECT_CONVERSION = YES_AGGRESSIVE;
				CLANG_CXX_LANGUAGE_STANDARD = "gnu++14";
				CLANG_CXX_LIBRARY = "libc++";
				CLANG_ENABLE_MODULES = YES;
				CLANG_ENABLE_OBJC_ARC = YES;
				CLANG_ENABLE_OBJC_WEAK = YES;
				CLANG_WARN_BLOCK_CAPTURE_AUTORELEASING = YES;
				CLANG_WARN_BOOL_CONVERSION = YES;
				CLANG_WARN_COMMA = YES;
				CLANG_WARN_CONSTANT_CONVERSION = YES;
				CLANG_WARN_DEPRECATED_OBJC_IMPLEMENTATIONS = YES;
				CLANG_WARN_DIRECT_OBJC_ISA_USAGE = YES_ERROR;
				CLANG_WARN_DOCUMENTATION_COMMENTS = YES;
				CLANG_WARN_EMPTY_BODY = YES;
				CLANG_WARN_ENUM_CONVERSION = YES;
				CLANG_WARN_INFINITE_RECURSION = YES;
				CLANG_WARN_INT_CONVERSION = YES;
				CLANG_WARN_NON_LITERAL_NULL_CONVERSION = YES;
				CLANG_WARN_OBJC_IMPLICIT_RETAIN_SELF = YES;
				CLANG_WARN_OBJC_LITERAL_CONVERSION = YES;
				CLANG_WARN_OBJC_ROOT_CLASS = YES_ERROR;
				CLANG_WARN_RANGE_LOOP_ANALYSIS = YES;
				CLANG_WARN_STRICT_PROTOTYPES = YES;
				CLANG_WARN_SUSPICIOUS_MOVE = YES;
				CLANG_WARN_UNGUARDED_AVAILABILITY = YES_AGGRESSIVE;
				CLANG_WARN_UNREACHABLE_CODE = YES;
				CLANG_WARN__DUPLICATE_METHOD_MATCH = YES;
				CODE_SIGN_IDENTITY = "iPhone Developer";
				COPY_PHASE_STRIP = NO;
				DEBUG_INFORMATION_FORMAT = "dwarf-with-dsym";
				ENABLE_NS_ASSERTIONS = NO;
				ENABLE_STRICT_OBJC_MSGSEND = YES;
				GCC_C_LANGUAGE_STANDARD = gnu11;
				GCC_NO_COMMON_BLOCKS = YES;
				GCC_WARN_64_TO_32_BIT_CONVERSION = YES;
				GCC_WARN_ABOUT_RETURN_TYPE = YES_ERROR;
				GCC_WARN_UNDECLARED_SELECTOR = YES;
				GCC_WARN_UNINITIALIZED_AUTOS = YES_AGGRESSIVE;
				GCC_WARN_UNUSED_FUNCTION = YES;
				GCC_WARN_UNUSED_VARIABLE = YES;
				IPHONEOS_DEPLOYMENT_TARGET = 12.1;
				MTL_ENABLE_DEBUG_INFO = NO;
				MTL_FAST_MATH = YES;
				SDKROOT = iphoneos;
				VALIDATE_PRODUCT = YES;
			};
			name = Release;
		};
		0C8CB0692263833700ACE997 /* Debug */ = {
			isa = XCBuildConfiguration;
			buildSettings = {
				ASSETCATALOG_COMPILER_APPICON_NAME = AppIcon;
				CODE_SIGN_STYLE = Automatic;
				DEVELOPMENT_TEAM = Z5E3E2D8FE;
				INFOPLIST_FILE = "$(SRCROOT)/iOS自定义转场动画/Info.plist";
				LD_RUNPATH_SEARCH_PATHS = (
					"$(inherited)",
					"@executable_path/Frameworks",
				);
				PRODUCT_BUNDLE_IDENTIFIER = com.liudongxu.push;
				PRODUCT_NAME = "$(TARGET_NAME)";
				TARGETED_DEVICE_FAMILY = "1,2";
			};
			name = Debug;
		};
		0C8CB06A2263833700ACE997 /* Release */ = {
			isa = XCBuildConfiguration;
			buildSettings = {
				ASSETCATALOG_COMPILER_APPICON_NAME = AppIcon;
				CODE_SIGN_STYLE = Automatic;
				DEVELOPMENT_TEAM = Z5E3E2D8FE;
				INFOPLIST_FILE = "$(SRCROOT)/iOS自定义转场动画/Info.plist";
				LD_RUNPATH_SEARCH_PATHS = (
					"$(inherited)",
					"@executable_path/Frameworks",
				);
				PRODUCT_BUNDLE_IDENTIFIER = com.liudongxu.push;
				PRODUCT_NAME = "$(TARGET_NAME)";
				TARGETED_DEVICE_FAMILY = "1,2";
			};
			name = Release;
		};
/* End XCBuildConfiguration section */

/* Begin XCConfigurationList section */
		0C8CB04D2263833500ACE997 /* Build configuration list for PBXProject "iOS自定义转场动画" */ = {
			isa = XCConfigurationList;
			buildConfigurations = (
				0C8CB0662263833700ACE997 /* Debug */,
				0C8CB0672263833700ACE997 /* Release */,
			);
			defaultConfigurationIsVisible = 0;
			defaultConfigurationName = Release;
		};
		0C8CB0682263833700ACE997 /* Build configuration list for PBXNativeTarget "iOS自定义转场动画" */ = {
			isa = XCConfigurationList;
			buildConfigurations = (
				0C8CB0692263833700ACE997 /* Debug */,
				0C8CB06A2263833700ACE997 /* Release */,
			);
			defaultConfigurationIsVisible = 0;
			defaultConfigurationName = Release;
		};
/* End XCConfigurationList section */
	};
	rootObject = 0C8CB04A2263833500ACE997 /* Project object */;
}
